
Microsoft Visual Studio Solution File, Format Version 12.00
# Visual Studio Version 17
VisualStudioVersion = 17.9.34616.47
MinimumVisualStudioVersion = 10.0.40219.1
Project("{FAE04EC0-301F-11D3-BF4B-00C04F79EFBC}") = "BloosomConsole", "BloosomConsole\BloosomConsole.csproj", "{AD197F88-A26D-4FD4-82D7-85A118D778C5}"
EndProject
Global
	GlobalSection(SolutionConfigurationPlatforms) = preSolution
		Debug|Any CPU = Debug|Any CPU
		Release|Any CPU = Release|Any CPU
	EndGlobalSection
	GlobalSection(ProjectConfigurationPlatforms) = postSolution
		{AD197F88-A26D-4FD4-82D7-85A118D778C5}.Debug|Any CPU.ActiveCfg = Debug|Any CPU
		{AD197F88-A26D-4FD4-82D7-85A118D778C5}.Debug|Any CPU.Build.0 = Debug|Any CPU
		{AD197F88-A26D-4FD4-82D7-85A118D778C5}.Release|Any CPU.ActiveCfg = Release|Any CPU
		{AD197F88-A26D-4FD4-82D7-85A118D778C5}.Release|Any CPU.Build.0 = Release|Any CPU
	EndGlobalSection
	GlobalSection(SolutionProperties) = preSolution
		HideSolutionNode = FALSE
	EndGlobalSection
	GlobalSection(ExtensibilityGlobals) = postSolution
		SolutionGuid = {567C7AF8-0911-4D77-BEF4-978680AC4531}
	EndGlobalSection
EndGlobal
